
Microsoft Visual Studio Solution File, Format Version 12.00
# Visual Studio Version 17
VisualStudioVersion = 17.13.35919.96 d17.13
MinimumVisualStudioVersion = 10.0.40219.1
Project("{FAE04EC0-301F-11D3-BF4B-00C04F79EFBC}") = "WinFormsApp1_L12", "WinFormsApp1_L12.csproj", "{FB810017-5862-4116-88A8-764EEA5B8BDB}"
EndProject
Global
	GlobalSection(SolutionConfigurationPlatforms) = preSolution
		Debug|Any CPU = Debug|Any CPU
		Release|Any CPU = Release|Any CPU
	EndGlobalSection
	GlobalSection(ProjectConfigurationPlatforms) = postSolution
		{FB810017-5862-4116-88A8-764EEA5B8BDB}.Debug|Any CPU.ActiveCfg = Debug|Any CPU
		{FB810017-5862-4116-88A8-764EEA5B8BDB}.Debug|Any CPU.Build.0 = Debug|Any CPU
		{FB810017-5862-4116-88A8-764EEA5B8BDB}.Release|Any CPU.ActiveCfg = Release|Any CPU
		{FB810017-5862-4116-88A8-764EEA5B8BDB}.Release|Any CPU.Build.0 = Release|Any CPU
	EndGlobalSection
	GlobalSection(SolutionProperties) = preSolution
		HideSolutionNode = FALSE
	EndGlobalSection
	GlobalSection(ExtensibilityGlobals) = postSolution
		SolutionGuid = {D79D4994-8B24-42BC-AFEE-3B2DD3617F89}
	EndGlobalSection
EndGlobal
